
Microsoft Visual Studio Solution File, Format Version 12.00
# Visual Studio 15
VisualStudioVersion = 15.0.26730.16
MinimumVisualStudioVersion = 10.0.40219.1
Project("{FAE04EC0-301F-11D3-BF4B-00C04F79EFBC}") = "WheelchairTips", "WheelchairTips\WheelchairTips.csproj", "{48BBFD6A-5162-4118-83C7-982751867E97}"
EndProject
Global
	GlobalSection(SolutionConfigurationPlatforms) = preSolution
		Debug|Any CPU = Debug|Any CPU
		Release|Any CPU = Release|Any CPU
	EndGlobalSection
	GlobalSection(ProjectConfigurationPlatforms) = postSolution
		{48BBFD6A-5162-4118-83C7-982751867E97}.Debug|Any CPU.ActiveCfg = Debug|Any CPU
		{48BBFD6A-5162-4118-83C7-982751867E97}.Debug|Any CPU.Build.0 = Debug|Any CPU
		{48BBFD6A-5162-4118-83C7-982751867E97}.Release|Any CPU.ActiveCfg = Release|Any CPU
		{48BBFD6A-5162-4118-83C7-982751867E97}.Release|Any CPU.Build.0 = Release|Any CPU
	EndGlobalSection
	GlobalSection(SolutionProperties) = preSolution
		HideSolutionNode = FALSE
	EndGlobalSection
	GlobalSection(ExtensibilityGlobals) = postSolution
		SolutionGuid = {F64ED1A7-B151-435A-932C-A5955CD07256}
	EndGlobalSection
EndGlobal
